
Microsoft Visual Studio Solution File, Format Version 12.00
# Visual Studio 15
Project("{FAE04EC0-301F-11D3-BF4B-00C04F79EFBC}") = "EntityApp", "EntityApp\EntityApp.csproj", "{361E9C1B-2A16-4E22-A89A-B648EE9F8485}"
EndProject
Global
	GlobalSection(SolutionConfigurationPlatforms) = preSolution
		Debug|Any CPU = Debug|Any CPU
		Release|Any CPU = Release|Any CPU
	EndGlobalSection
	GlobalSection(ProjectConfigurationPlatforms) = postSolution
		{361E9C1B-2A16-4E22-A89A-B648EE9F8485}.Debug|Any CPU.ActiveCfg = Debug|Any CPU
		{361E9C1B-2A16-4E22-A89A-B648EE9F8485}.Debug|Any CPU.Build.0 = Debug|Any CPU
		{361E9C1B-2A16-4E22-A89A-B648EE9F8485}.Release|Any CPU.ActiveCfg = Release|Any CPU
		{361E9C1B-2A16-4E22-A89A-B648EE9F8485}.Release|Any CPU.Build.0 = Release|Any CPU
	EndGlobalSection
EndGlobal
